
Microsoft Visual Studio Solution File, Format Version 12.00
# Visual Studio Version 17
VisualStudioVersion = 17.11.35303.130
MinimumVisualStudioVersion = 10.0.40219.1
Project("{FAE04EC0-301F-11D3-BF4B-00C04F79EFBC}") = "AppLibroteca", "AppLibroteca.csproj", "{60D3D838-D254-4262-BD0F-DEC734933186}"
EndProject
Global
	GlobalSection(SolutionConfigurationPlatforms) = preSolution
		Debug|Any CPU = Debug|Any CPU
		Release|Any CPU = Release|Any CPU
	EndGlobalSection
	GlobalSection(ProjectConfigurationPlatforms) = postSolution
		{60D3D838-D254-4262-BD0F-DEC734933186}.Debug|Any CPU.ActiveCfg = Debug|Any CPU
		{60D3D838-D254-4262-BD0F-DEC734933186}.Debug|Any CPU.Build.0 = Debug|Any CPU
		{60D3D838-D254-4262-BD0F-DEC734933186}.Release|Any CPU.ActiveCfg = Release|Any CPU
		{60D3D838-D254-4262-BD0F-DEC734933186}.Release|Any CPU.Build.0 = Release|Any CPU
	EndGlobalSection
	GlobalSection(SolutionProperties) = preSolution
		HideSolutionNode = FALSE
	EndGlobalSection
	GlobalSection(ExtensibilityGlobals) = postSolution
		SolutionGuid = {2EFDE5D7-CB34-43B4-A791-49DF5F72E3B4}
	EndGlobalSection
EndGlobal
